
Microsoft Visual Studio Solution File, Format Version 12.00
# Visual Studio Version 16
VisualStudioVersion = 16.0.29306.81
MinimumVisualStudioVersion = 10.0.40219.1
Project("{FAE04EC0-301F-11D3-BF4B-00C04F79EFBC}") = "Cimarasah.DAL.Interface", "Cimarasah.DAL.Interface\Cimarasah.DAL.Interface.csproj", "{BEDE2055-9B3E-4905-A108-5664AAD82E22}"
EndProject
Project("{FAE04EC0-301F-11D3-BF4B-00C04F79EFBC}") = "Cimarasah.DAL", "Cimarasah.DAL\Cimarasah.DAL.csproj", "{F7DD0784-82DE-4EAE-96EF-A3242F7DCF1B}"
EndProject
Global
	GlobalSection(SolutionConfigurationPlatforms) = preSolution
		Debug|Any CPU = Debug|Any CPU
		Release|Any CPU = Release|Any CPU
	EndGlobalSection
	GlobalSection(ProjectConfigurationPlatforms) = postSolution
		{BEDE2055-9B3E-4905-A108-5664AAD82E22}.Debug|Any CPU.ActiveCfg = Debug|Any CPU
		{BEDE2055-9B3E-4905-A108-5664AAD82E22}.Debug|Any CPU.Build.0 = Debug|Any CPU
		{BEDE2055-9B3E-4905-A108-5664AAD82E22}.Release|Any CPU.ActiveCfg = Release|Any CPU
		{BEDE2055-9B3E-4905-A108-5664AAD82E22}.Release|Any CPU.Build.0 = Release|Any CPU
		{F7DD0784-82DE-4EAE-96EF-A3242F7DCF1B}.Debug|Any CPU.ActiveCfg = Debug|Any CPU
		{F7DD0784-82DE-4EAE-96EF-A3242F7DCF1B}.Debug|Any CPU.Build.0 = Debug|Any CPU
		{F7DD0784-82DE-4EAE-96EF-A3242F7DCF1B}.Release|Any CPU.ActiveCfg = Release|Any CPU
		{F7DD0784-82DE-4EAE-96EF-A3242F7DCF1B}.Release|Any CPU.Build.0 = Release|Any CPU
	EndGlobalSection
	GlobalSection(SolutionProperties) = preSolution
		HideSolutionNode = FALSE
	EndGlobalSection
	GlobalSection(ExtensibilityGlobals) = postSolution
		SolutionGuid = {AC583E6D-88FE-4E4F-BDAE-13A47E2A0F0D}
	EndGlobalSection
EndGlobal
